
Microsoft Visual Studio Solution File, Format Version 12.00
# Visual Studio 15
VisualStudioVersion = 15.0.28307.421
MinimumVisualStudioVersion = 10.0.40219.1
Project("{FAE04EC0-301F-11D3-BF4B-00C04F79EFBC}") = "E8PayDemo", "E8PayDemo\E8PayDemo.csproj", "{C7E9287C-55A5-4C5B-B193-71D211412BF6}"
EndProject
Global
	GlobalSection(SolutionConfigurationPlatforms) = preSolution
		Debug|Any CPU = Debug|Any CPU
		Release|Any CPU = Release|Any CPU
	EndGlobalSection
	GlobalSection(ProjectConfigurationPlatforms) = postSolution
		{C7E9287C-55A5-4C5B-B193-71D211412BF6}.Debug|Any CPU.ActiveCfg = Debug|Any CPU
		{C7E9287C-55A5-4C5B-B193-71D211412BF6}.Debug|Any CPU.Build.0 = Debug|Any CPU
		{C7E9287C-55A5-4C5B-B193-71D211412BF6}.Release|Any CPU.ActiveCfg = Release|Any CPU
		{C7E9287C-55A5-4C5B-B193-71D211412BF6}.Release|Any CPU.Build.0 = Release|Any CPU
	EndGlobalSection
	GlobalSection(SolutionProperties) = preSolution
		HideSolutionNode = FALSE
	EndGlobalSection
	GlobalSection(ExtensibilityGlobals) = postSolution
		SolutionGuid = {69E3CF07-EB2E-43BD-8E7C-494FA52B933D}
	EndGlobalSection
EndGlobal
